
Microsoft Visual Studio Solution File, Format Version 12.00
# Visual Studio 15
VisualStudioVersion = 15.0.26730.15
MinimumVisualStudioVersion = 10.0.40219.1
Project("{FAE04EC0-301F-11D3-BF4B-00C04F79EFBC}") = "MiniPrism", "MiniPrism\MiniPrism.csproj", "{1E220FFC-DDF8-442A-927D-DE9DAFA63FDB}"
EndProject
Project("{2150E333-8FDC-42A3-9474-1A3956D46DE8}") = "Solution Items", "Solution Items", "{5A54AF05-2B26-44ED-BA30-3F354A78F8B7}"
	ProjectSection(SolutionItems) = preProject
		LICENSE.md = LICENSE.md
		README.md = README.md
	EndProjectSection
EndProject
Global
	GlobalSection(SolutionConfigurationPlatforms) = preSolution
		Debug|Any CPU = Debug|Any CPU
		Release|Any CPU = Release|Any CPU
	EndGlobalSection
	GlobalSection(ProjectConfigurationPlatforms) = postSolution
		{1E220FFC-DDF8-442A-927D-DE9DAFA63FDB}.Debug|Any CPU.ActiveCfg = Debug|Any CPU
		{1E220FFC-DDF8-442A-927D-DE9DAFA63FDB}.Debug|Any CPU.Build.0 = Debug|Any CPU
		{1E220FFC-DDF8-442A-927D-DE9DAFA63FDB}.Release|Any CPU.ActiveCfg = Release|Any CPU
		{1E220FFC-DDF8-442A-927D-DE9DAFA63FDB}.Release|Any CPU.Build.0 = Release|Any CPU
	EndGlobalSection
	GlobalSection(SolutionProperties) = preSolution
		HideSolutionNode = FALSE
	EndGlobalSection
	GlobalSection(ExtensibilityGlobals) = postSolution
		SolutionGuid = {C3956427-7C40-4152-820A-9102D541CFE5}
	EndGlobalSection
EndGlobal
